
Microsoft Visual Studio Solution File, Format Version 12.00
# Visual Studio 15
VisualStudioVersion = 15.0.28010.2046
MinimumVisualStudioVersion = 10.0.40219.1
Project("{FAE04EC0-301F-11D3-BF4B-00C04F79EFBC}") = "AppTestingJSON.Android", "AppTestingJSON\AppTestingJSON.Android\AppTestingJSON.Android.csproj", "{401C604A-A189-4189-8117-53BBF21CBBF6}"
EndProject
Project("{FAE04EC0-301F-11D3-BF4B-00C04F79EFBC}") = "AppTestingJSON.iOS", "AppTestingJSON\AppTestingJSON.iOS\AppTestingJSON.iOS.csproj", "{BE2E4062-556D-48C2-AB80-C85AFA016445}"
EndProject
Project("{FAE04EC0-301F-11D3-BF4B-00C04F79EFBC}") = "AppTestingJSON.UWP", "AppTestingJSON\AppTestingJSON.UWP\AppTestingJSON.UWP.csproj", "{8F78EA84-D8D1-4F31-B499-01B9628AF7F3}"
EndProject
Project("{D954291E-2A0B-460D-934E-DC6B0785DB48}") = "AppTestingJSON", "AppTestingJSON\AppTestingJSON\AppTestingJSON.shproj", "{C15EA92D-D557-4C70-9D95-8D132273CEFC}"
EndProject
Global
	GlobalSection(SharedMSBuildProjectFiles) = preSolution
		AppTestingJSON\AppTestingJSON\AppTestingJSON.projitems*{401c604a-a189-4189-8117-53bbf21cbbf6}*SharedItemsImports = 4
		AppTestingJSON\AppTestingJSON\AppTestingJSON.projitems*{8f78ea84-d8d1-4f31-b499-01b9628af7f3}*SharedItemsImports = 4
		AppTestingJSON\AppTestingJSON\AppTestingJSON.projitems*{be2e4062-556d-48c2-ab80-c85afa016445}*SharedItemsImports = 4
		AppTestingJSON\AppTestingJSON\AppTestingJSON.projitems*{c15ea92d-d557-4c70-9d95-8d132273cefc}*SharedItemsImports = 13
	EndGlobalSection
	GlobalSection(SolutionConfigurationPlatforms) = preSolution
		Ad-Hoc|Any CPU = Ad-Hoc|Any CPU
		Ad-Hoc|ARM = Ad-Hoc|ARM
		Ad-Hoc|iPhone = Ad-Hoc|iPhone
		Ad-Hoc|iPhoneSimulator = Ad-Hoc|iPhoneSimulator
		Ad-Hoc|x64 = Ad-Hoc|x64
		Ad-Hoc|x86 = Ad-Hoc|x86
		AppStore|Any CPU = AppStore|Any CPU
		AppStore|ARM = AppStore|ARM
		AppStore|iPhone = AppStore|iPhone
		AppStore|iPhoneSimulator = AppStore|iPhoneSimulator
		AppStore|x64 = AppStore|x64
		AppStore|x86 = AppStore|x86
		Debug|Any CPU = Debug|Any CPU
		Debug|ARM = Debug|ARM
		Debug|iPhone = Debug|iPhone
		Debug|iPhoneSimulator = Debug|iPhoneSimulator
		Debug|x64 = Debug|x64
		Debug|x86 = Debug|x86
		Release|Any CPU = Release|Any CPU
		Release|ARM = Release|ARM
		Release|iPhone = Release|iPhone
		Release|iPhoneSimulator = Release|iPhoneSimulator
		Release|x64 = Release|x64
		Release|x86 = Release|x86
	EndGlobalSection
	GlobalSection(ProjectConfigurationPlatforms) = postSolution
		{401C604A-A189-4189-8117-53BBF21CBBF6}.Ad-Hoc|Any CPU.ActiveCfg = Release|Any CPU
		{401C604A-A189-4189-8117-53BBF21CBBF6}.Ad-Hoc|Any CPU.Build.0 = Release|Any CPU
		{401C604A-A189-4189-8117-53BBF21CBBF6}.Ad-Hoc|Any CPU.Deploy.0 = Release|Any CPU
		{401C604A-A189-4189-8117-53BBF21CBBF6}.Ad-Hoc|ARM.ActiveCfg = Release|Any CPU
		{401C604A-A189-4189-8117-53BBF21CBBF6}.Ad-Hoc|ARM.Build.0 = Release|Any CPU
		{401C604A-A189-4189-8117-53BBF21CBBF6}.Ad-Hoc|ARM.Deploy.0 = Release|Any CPU
		{401C604A-A189-4189-8117-53BBF21CBBF6}.Ad-Hoc|iPhone.ActiveCfg = Release|Any CPU
		{401C604A-A189-4189-8117-53BBF21CBBF6}.Ad-Hoc|iPhone.Build.0 = Release|Any CPU
		{401C604A-A189-4189-8117-53BBF21CBBF6}.Ad-Hoc|iPhone.Deploy.0 = Release|Any CPU
		{401C604A-A189-4189-8117-53BBF21CBBF6}.Ad-Hoc|iPhoneSimulator.ActiveCfg = Release|Any CPU
		{401C604A-A189-4189-8117-53BBF21CBBF6}.Ad-Hoc|iPhoneSimulator.Build.0 = Release|Any CPU
		{401C604A-A189-4189-8117-53BBF21CBBF6}.Ad-Hoc|iPhoneSimulator.Deploy.0 = Release|Any CPU
		{401C604A-A189-4189-8117-53BBF21CBBF6}.Ad-Hoc|x64.ActiveCfg = Release|Any CPU
		{401C604A-A189-4189-8117-53BBF21CBBF6}.Ad-Hoc|x64.Build.0 = Release|Any CPU
		{401C604A-A189-4189-8117-53BBF21CBBF6}.Ad-Hoc|x64.Deploy.0 = Release|Any CPU
		{401C604A-A189-4189-8117-53BBF21CBBF6}.Ad-Hoc|x86.ActiveCfg = Release|Any CPU
		{401C604A-A189-4189-8117-53BBF21CBBF6}.Ad-Hoc|x86.Build.0 = Release|Any CPU
		{401C604A-A189-4189-8117-53BBF21CBBF6}.Ad-Hoc|x86.Deploy.0 = Release|Any CPU
		{401C604A-A189-4189-8117-53BBF21CBBF6}.AppStore|Any CPU.ActiveCfg = Release|Any CPU
		{401C604A-A189-4189-8117-53BBF21CBBF6}.AppStore|Any CPU.Build.0 = Release|Any CPU
		{401C604A-A189-4189-8117-53BBF21CBBF6}.AppStore|Any CPU.Deploy.0 = Release|Any CPU
		{401C604A-A189-4189-8117-53BBF21CBBF6}.AppStore|ARM.ActiveCfg = Release|Any CPU
		{401C604A-A189-4189-8117-53BBF21CBBF6}.AppStore|ARM.Build.0 = Release|Any CPU
		{401C604A-A189-4189-8117-53BBF21CBBF6}.AppStore|ARM.Deploy.0 = Release|Any CPU
		{401C604A-A189-4189-8117-53BBF21CBBF6}.AppStore|iPhone.ActiveCfg = Release|Any CPU
		{401C604A-A189-4189-8117-53BBF21CBBF6}.AppStore|iPhone.Build.0 = Release|Any CPU
		{401C604A-A189-4189-8117-53BBF21CBBF6}.AppStore|iPhone.Deploy.0 = Release|Any CPU
		{401C604A-A189-4189-8117-53BBF21CBBF6}.AppStore|iPhoneSimulator.ActiveCfg = Release|Any CPU
		{401C604A-A189-4189-8117-53BBF21CBBF6}.AppStore|iPhoneSimulator.Build.0 = Release|Any CPU
		{401C604A-A189-4189-8117-53BBF21CBBF6}.AppStore|iPhoneSimulator.Deploy.0 = Release|Any CPU
		{401C604A-A189-4189-8117-53BBF21CBBF6}.AppStore|x64.ActiveCfg = Release|Any CPU
		{401C604A-A189-4189-8117-53BBF21CBBF6}.AppStore|x64.Build.0 = Release|Any CPU
		{401C604A-A189-4189-8117-53BBF21CBBF6}.AppStore|x64.Deploy.0 = Release|Any CPU
		{401C604A-A189-4189-8117-53BBF21CBBF6}.AppStore|x86.ActiveCfg = Release|Any CPU
		{401C604A-A189-4189-8117-53BBF21CBBF6}.AppStore|x86.Build.0 = Release|Any CPU
		{401C604A-A189-4189-8117-53BBF21CBBF6}.AppStore|x86.Deploy.0 = Release|Any CPU
		{401C604A-A189-4189-8117-53BBF21CBBF6}.Debug|Any CPU.ActiveCfg = Debug|Any CPU
		{401C604A-A189-4189-8117-53BBF21CBBF6}.Debug|Any CPU.Build.0 = Debug|Any CPU
		{401C604A-A189-4189-8117-53BBF21CBBF6}.Debug|Any CPU.Deploy.0 = Debug|Any CPU
		{401C604A-A189-4189-8117-53BBF21CBBF6}.Debug|ARM.ActiveCfg = Debug|Any CPU
		{401C604A-A189-4189-8117-53BBF21CBBF6}.Debug|ARM.Build.0 = Debug|Any CPU
		{401C604A-A189-4189-8117-53BBF21CBBF6}.Debug|ARM.Deploy.0 = Debug|Any CPU
		{401C604A-A189-4189-8117-53BBF21CBBF6}.Debug|iPhone.ActiveCfg = Debug|Any CPU
		{401C604A-A189-4189-8117-53BBF21CBBF6}.Debug|iPhone.Build.0 = Debug|Any CPU
		{401C604A-A189-4189-8117-53BBF21CBBF6}.Debug|iPhone.Deploy.0 = Debug|Any CPU
		{401C604A-A189-4189-8117-53BBF21CBBF6}.Debug|iPhoneSimulator.ActiveCfg = Debug|Any CPU
		{401C604A-A189-4189-8117-53BBF21CBBF6}.Debug|iPhoneSimulator.Build.0 = Debug|Any CPU
		{401C604A-A189-4189-8117-53BBF21CBBF6}.Debug|iPhoneSimulator.Deploy.0 = Debug|Any CPU
		{401C604A-A189-4189-8117-53BBF21CBBF6}.Debug|x64.ActiveCfg = Debug|Any CPU
		{401C604A-A189-4189-8117-53BBF21CBBF6}.Debug|x64.Build.0 = Debug|Any CPU
		{401C604A-A189-4189-8117-53BBF21CBBF6}.Debug|x64.Deploy.0 = Debug|Any CPU
		{401C604A-A189-4189-8117-53BBF21CBBF6}.Debug|x86.ActiveCfg = Debug|Any CPU
		{401C604A-A189-4189-8117-53BBF21CBBF6}.Debug|x86.Build.0 = Debug|Any CPU
		{401C604A-A189-4189-8117-53BBF21CBBF6}.Debug|x86.Deploy.0 = Debug|Any CPU
		{401C604A-A189-4189-8117-53BBF21CBBF6}.Release|Any CPU.ActiveCfg = Release|Any CPU
		{401C604A-A189-4189-8117-53BBF21CBBF6}.Release|Any CPU.Build.0 = Release|Any CPU
		{401C604A-A189-4189-8117-53BBF21CBBF6}.Release|Any CPU.Deploy.0 = Release|Any CPU
		{401C604A-A189-4189-8117-53BBF21CBBF6}.Release|ARM.ActiveCfg = Release|Any CPU
		{401C604A-A189-4189-8117-53BBF21CBBF6}.Release|ARM.Build.0 = Release|Any CPU
		{401C604A-A189-4189-8117-53BBF21CBBF6}.Release|ARM.Deploy.0 = Release|Any CPU
		{401C604A-A189-4189-8117-53BBF21CBBF6}.Release|iPhone.ActiveCfg = Release|Any CPU
		{401C604A-A189-4189-8117-53BBF21CBBF6}.Release|iPhone.Build.0 = Release|Any CPU
		{401C604A-A189-4189-8117-53BBF21CBBF6}.Release|iPhone.Deploy.0 = Release|Any CPU
		{401C604A-A189-4189-8117-53BBF21CBBF6}.Release|iPhoneSimulator.ActiveCfg = Release|Any CPU
		{401C604A-A189-4189-8117-53BBF21CBBF6}.Release|iPhoneSimulator.Build.0 = Release|Any CPU
		{401C604A-A189-4189-8117-53BBF21CBBF6}.Release|iPhoneSimulator.Deploy.0 = Release|Any CPU
		{401C604A-A189-4189-8117-53BBF21CBBF6}.Release|x64.ActiveCfg = Release|Any CPU
		{401C604A-A189-4189-8117-53BBF21CBBF6}.Release|x64.Build.0 = Release|Any CPU
		{401C604A-A189-4189-8117-53BBF21CBBF6}.Release|x64.Deploy.0 = Release|Any CPU
		{401C604A-A189-4189-8117-53BBF21CBBF6}.Release|x86.ActiveCfg = Release|Any CPU
		{401C604A-A189-4189-8117-53BBF21CBBF6}.Release|x86.Build.0 = Release|Any CPU
		{401C604A-A189-4189-8117-53BBF21CBBF6}.Release|x86.Deploy.0 = Release|Any CPU
		{BE2E4062-556D-48C2-AB80-C85AFA016445}.Ad-Hoc|Any CPU.ActiveCfg = Ad-Hoc|iPhone
		{BE2E4062-556D-48C2-AB80-C85AFA016445}.Ad-Hoc|Any CPU.Build.0 = Ad-Hoc|iPhone
		{BE2E4062-556D-48C2-AB80-C85AFA016445}.Ad-Hoc|Any CPU.Deploy.0 = Ad-Hoc|iPhone
		{BE2E4062-556D-48C2-AB80-C85AFA016445}.Ad-Hoc|ARM.ActiveCfg = Ad-Hoc|iPhone
		{BE2E4062-556D-48C2-AB80-C85AFA016445}.Ad-Hoc|ARM.Build.0 = Ad-Hoc|iPhone
		{BE2E4062-556D-48C2-AB80-C85AFA016445}.Ad-Hoc|ARM.Deploy.0 = Ad-Hoc|iPhone
		{BE2E4062-556D-48C2-AB80-C85AFA016445}.Ad-Hoc|iPhone.ActiveCfg = Ad-Hoc|iPhone
		{BE2E4062-556D-48C2-AB80-C85AFA016445}.Ad-Hoc|iPhone.Build.0 = Ad-Hoc|iPhone
		{BE2E4062-556D-48C2-AB80-C85AFA016445}.Ad-Hoc|iPhone.Deploy.0 = Ad-Hoc|iPhone
		{BE2E4062-556D-48C2-AB80-C85AFA016445}.Ad-Hoc|iPhoneSimulator.ActiveCfg = Ad-Hoc|iPhoneSimulator
		{BE2E4062-556D-48C2-AB80-C85AFA016445}.Ad-Hoc|iPhoneSimulator.Build.0 = Ad-Hoc|iPhoneSimulator
		{BE2E4062-556D-48C2-AB80-C85AFA016445}.Ad-Hoc|iPhoneSimulator.Deploy.0 = Ad-Hoc|iPhoneSimulator
		{BE2E4062-556D-48C2-AB80-C85AFA016445}.Ad-Hoc|x64.ActiveCfg = Ad-Hoc|iPhone
		{BE2E4062-556D-48C2-AB80-C85AFA016445}.Ad-Hoc|x64.Build.0 = Ad-Hoc|iPhone
		{BE2E4062-556D-48C2-AB80-C85AFA016445}.Ad-Hoc|x64.Deploy.0 = Ad-Hoc|iPhone
		{BE2E4062-556D-48C2-AB80-C85AFA016445}.Ad-Hoc|x86.ActiveCfg = Ad-Hoc|iPhone
		{BE2E4062-556D-48C2-AB80-C85AFA016445}.Ad-Hoc|x86.Build.0 = Ad-Hoc|iPhone
		{BE2E4062-556D-48C2-AB80-C85AFA016445}.Ad-Hoc|x86.Deploy.0 = Ad-Hoc|iPhone
		{BE2E4062-556D-48C2-AB80-C85AFA016445}.AppStore|Any CPU.ActiveCfg = AppStore|iPhone
		{BE2E4062-556D-48C2-AB80-C85AFA016445}.AppStore|Any CPU.Build.0 = AppStore|iPhone
		{BE2E4062-556D-48C2-AB80-C85AFA016445}.AppStore|Any CPU.Deploy.0 = AppStore|iPhone
		{BE2E4062-556D-48C2-AB80-C85AFA016445}.AppStore|ARM.ActiveCfg = AppStore|iPhone
		{BE2E4062-556D-48C2-AB80-C85AFA016445}.AppStore|ARM.Build.0 = AppStore|iPhone
		{BE2E4062-556D-48C2-AB80-C85AFA016445}.AppStore|ARM.Deploy.0 = AppStore|iPhone
		{BE2E4062-556D-48C2-AB80-C85AFA016445}.AppStore|iPhone.ActiveCfg = AppStore|iPhone
		{BE2E4062-556D-48C2-AB80-C85AFA016445}.AppStore|iPhone.Build.0 = AppStore|iPhone
		{BE2E4062-556D-48C2-AB80-C85AFA016445}.AppStore|iPhone.Deploy.0 = AppStore|iPhone
		{BE2E4062-556D-48C2-AB80-C85AFA016445}.AppStore|iPhoneSimulator.ActiveCfg = AppStore|iPhoneSimulator
		{BE2E4062-556D-48C2-AB80-C85AFA016445}.AppStore|iPhoneSimulator.Build.0 = AppStore|iPhoneSimulator
		{BE2E4062-556D-48C2-AB80-C85AFA016445}.AppStore|iPhoneSimulator.Deploy.0 = AppStore|iPhoneSimulator
		{BE2E4062-556D-48C2-AB80-C85AFA016445}.AppStore|x64.ActiveCfg = AppStore|iPhone
		{BE2E4062-556D-48C2-AB80-C85AFA016445}.AppStore|x64.Build.0 = AppStore|iPhone
		{BE2E4062-556D-48C2-AB80-C85AFA016445}.AppStore|x64.Deploy.0 = AppStore|iPhone
		{BE2E4062-556D-48C2-AB80-C85AFA016445}.AppStore|x86.ActiveCfg = AppStore|iPhone
		{BE2E4062-556D-48C2-AB80-C85AFA016445}.AppStore|x86.Build.0 = AppStore|iPhone
		{BE2E4062-556D-48C2-AB80-C85AFA016445}.AppStore|x86.Deploy.0 = AppStore|iPhone
		{BE2E4062-556D-48C2-AB80-C85AFA016445}.Debug|Any CPU.ActiveCfg = Debug|iPhoneSimulator
		{BE2E4062-556D-48C2-AB80-C85AFA016445}.Debug|Any CPU.Build.0 = Debug|iPhoneSimulator
		{BE2E4062-556D-48C2-AB80-C85AFA016445}.Debug|Any CPU.Deploy.0 = Debug|iPhoneSimulator
		{BE2E4062-556D-48C2-AB80-C85AFA016445}.Debug|ARM.ActiveCfg = Debug|iPhone
		{BE2E4062-556D-48C2-AB80-C85AFA016445}.Debug|ARM.Build.0 = Debug|iPhone
		{BE2E4062-556D-48C2-AB80-C85AFA016445}.Debug|ARM.Deploy.0 = Debug|iPhone
		{BE2E4062-556D-48C2-AB80-C85AFA016445}.Debug|iPhone.ActiveCfg = Debug|iPhone
		{BE2E4062-556D-48C2-AB80-C85AFA016445}.Debug|iPhone.Build.0 = Debug|iPhone
		{BE2E4062-556D-48C2-AB80-C85AFA016445}.Debug|iPhone.Deploy.0 = Debug|iPhone
		{BE2E4062-556D-48C2-AB80-C85AFA016445}.Debug|iPhoneSimulator.ActiveCfg = Debug|iPhoneSimulator
		{BE2E4062-556D-48C2-AB80-C85AFA016445}.Debug|iPhoneSimulator.Build.0 = Debug|iPhoneSimulator
		{BE2E4062-556D-48C2-AB80-C85AFA016445}.Debug|iPhoneSimulator.Deploy.0 = Debug|iPhoneSimulator
		{BE2E4062-556D-48C2-AB80-C85AFA016445}.Debug|x64.ActiveCfg = Debug|iPhone
		{BE2E4062-556D-48C2-AB80-C85AFA016445}.Debug|x64.Build.0 = Debug|iPhone
		{BE2E4062-556D-48C2-AB80-C85AFA016445}.Debug|x64.Deploy.0 = Debug|iPhone
		{BE2E4062-556D-48C2-AB80-C85AFA016445}.Debug|x86.ActiveCfg = Debug|iPhone
		{BE2E4062-556D-48C2-AB80-C85AFA016445}.Debug|x86.Build.0 = Debug|iPhone
		{BE2E4062-556D-48C2-AB80-C85AFA016445}.Debug|x86.Deploy.0 = Debug|iPhone
		{BE2E4062-556D-48C2-AB80-C85AFA016445}.Release|Any CPU.ActiveCfg = Release|iPhone
		{BE2E4062-556D-48C2-AB80-C85AFA016445}.Release|Any CPU.Build.0 = Release|iPhone
		{BE2E4062-556D-48C2-AB80-C85AFA016445}.Release|Any CPU.Deploy.0 = Release|iPhone
		{BE2E4062-556D-48C2-AB80-C85AFA016445}.Release|ARM.ActiveCfg = Release|iPhone
		{BE2E4062-556D-48C2-AB80-C85AFA016445}.Release|ARM.Build.0 = Release|iPhone
		{BE2E4062-556D-48C2-AB80-C85AFA016445}.Release|ARM.Deploy.0 = Release|iPhone
		{BE2E4062-556D-48C2-AB80-C85AFA016445}.Release|iPhone.ActiveCfg = Release|iPhone
		{BE2E4062-556D-48C2-AB80-C85AFA016445}.Release|iPhone.Build.0 = Release|iPhone
		{BE2E4062-556D-48C2-AB80-C85AFA016445}.Release|iPhone.Deploy.0 = Release|iPhone
		{BE2E4062-556D-48C2-AB80-C85AFA016445}.Release|iPhoneSimulator.ActiveCfg = Release|iPhoneSimulator
		{BE2E4062-556D-48C2-AB80-C85AFA016445}.Release|iPhoneSimulator.Build.0 = Release|iPhoneSimulator
		{BE2E4062-556D-48C2-AB80-C85AFA016445}.Release|iPhoneSimulator.Deploy.0 = Release|iPhoneSimulator
		{BE2E4062-556D-48C2-AB80-C85AFA016445}.Release|x64.ActiveCfg = Release|iPhone
		{BE2E4062-556D-48C2-AB80-C85AFA016445}.Release|x64.Build.0 = Release|iPhone
		{BE2E4062-556D-48C2-AB80-C85AFA016445}.Release|x64.Deploy.0 = Release|iPhone
		{BE2E4062-556D-48C2-AB80-C85AFA016445}.Release|x86.ActiveCfg = Release|iPhone
		{BE2E4062-556D-48C2-AB80-C85AFA016445}.Release|x86.Build.0 = Release|iPhone
		{BE2E4062-556D-48C2-AB80-C85AFA016445}.Release|x86.Deploy.0 = Release|iPhone
		{8F78EA84-D8D1-4F31-B499-01B9628AF7F3}.Ad-Hoc|Any CPU.ActiveCfg = Release|x86
		{8F78EA84-D8D1-4F31-B499-01B9628AF7F3}.Ad-Hoc|Any CPU.Build.0 = Release|x86
		{8F78EA84-D8D1-4F31-B499-01B9628AF7F3}.Ad-Hoc|Any CPU.Deploy.0 = Release|x86
		{8F78EA84-D8D1-4F31-B499-01B9628AF7F3}.Ad-Hoc|ARM.ActiveCfg = Release|ARM
		{8F78EA84-D8D1-4F31-B499-01B9628AF7F3}.Ad-Hoc|ARM.Build.0 = Release|ARM
		{8F78EA84-D8D1-4F31-B499-01B9628AF7F3}.Ad-Hoc|ARM.Deploy.0 = Release|ARM
		{8F78EA84-D8D1-4F31-B499-01B9628AF7F3}.Ad-Hoc|iPhone.ActiveCfg = Release|x86
		{8F78EA84-D8D1-4F31-B499-01B9628AF7F3}.Ad-Hoc|iPhone.Build.0 = Release|x86
		{8F78EA84-D8D1-4F31-B499-01B9628AF7F3}.Ad-Hoc|iPhone.Deploy.0 = Release|x86
		{8F78EA84-D8D1-4F31-B499-01B9628AF7F3}.Ad-Hoc|iPhoneSimulator.ActiveCfg = Release|x86
		{8F78EA84-D8D1-4F31-B499-01B9628AF7F3}.Ad-Hoc|iPhoneSimulator.Build.0 = Release|x86
		{8F78EA84-D8D1-4F31-B499-01B9628AF7F3}.Ad-Hoc|iPhoneSimulator.Deploy.0 = Release|x86
		{8F78EA84-D8D1-4F31-B499-01B9628AF7F3}.Ad-Hoc|x64.ActiveCfg = Release|x64
		{8F78EA84-D8D1-4F31-B499-01B9628AF7F3}.Ad-Hoc|x64.Build.0 = Release|x64
		{8F78EA84-D8D1-4F31-B499-01B9628AF7F3}.Ad-Hoc|x64.Deploy.0 = Release|x64
		{8F78EA84-D8D1-4F31-B499-01B9628AF7F3}.Ad-Hoc|x86.ActiveCfg = Release|x86
		{8F78EA84-D8D1-4F31-B499-01B9628AF7F3}.Ad-Hoc|x86.Build.0 = Release|x86
		{8F78EA84-D8D1-4F31-B499-01B9628AF7F3}.Ad-Hoc|x86.Deploy.0 = Release|x86
		{8F78EA84-D8D1-4F31-B499-01B9628AF7F3}.AppStore|Any CPU.ActiveCfg = Release|x86
		{8F78EA84-D8D1-4F31-B499-01B9628AF7F3}.AppStore|Any CPU.Build.0 = Release|x86
		{8F78EA84-D8D1-4F31-B499-01B9628AF7F3}.AppStore|Any CPU.Deploy.0 = Release|x86
		{8F78EA84-D8D1-4F31-B499-01B9628AF7F3}.AppStore|ARM.ActiveCfg = Release|ARM
		{8F78EA84-D8D1-4F31-B499-01B9628AF7F3}.AppStore|ARM.Build.0 = Release|ARM
		{8F78EA84-D8D1-4F31-B499-01B9628AF7F3}.AppStore|ARM.Deploy.0 = Release|ARM
		{8F78EA84-D8D1-4F31-B499-01B9628AF7F3}.AppStore|iPhone.ActiveCfg = Release|x86
		{8F78EA84-D8D1-4F31-B499-01B9628AF7F3}.AppStore|iPhone.Build.0 = Release|x86
		{8F78EA84-D8D1-4F31-B499-01B9628AF7F3}.AppStore|iPhone.Deploy.0 = Release|x86
		{8F78EA84-D8D1-4F31-B499-01B9628AF7F3}.AppStore|iPhoneSimulator.ActiveCfg = Release|x86
		{8F78EA84-D8D1-4F31-B499-01B9628AF7F3}.AppStore|iPhoneSimulator.Build.0 = Release|x86
		{8F78EA84-D8D1-4F31-B499-01B9628AF7F3}.AppStore|iPhoneSimulator.Deploy.0 = Release|x86
		{8F78EA84-D8D1-4F31-B499-01B9628AF7F3}.AppStore|x64.ActiveCfg = Release|x64
		{8F78EA84-D8D1-4F31-B499-01B9628AF7F3}.AppStore|x64.Build.0 = Release|x64
		{8F78EA84-D8D1-4F31-B499-01B9628AF7F3}.AppStore|x64.Deploy.0 = Release|x64
		{8F78EA84-D8D1-4F31-B499-01B9628AF7F3}.AppStore|x86.ActiveCfg = Release|x86
		{8F78EA84-D8D1-4F31-B499-01B9628AF7F3}.AppStore|x86.Build.0 = Release|x86
		{8F78EA84-D8D1-4F31-B499-01B9628AF7F3}.AppStore|x86.Deploy.0 = Release|x86
		{8F78EA84-D8D1-4F31-B499-01B9628AF7F3}.Debug|Any CPU.ActiveCfg = Debug|x86
		{8F78EA84-D8D1-4F31-B499-01B9628AF7F3}.Debug|Any CPU.Build.0 = Debug|x86
		{8F78EA84-D8D1-4F31-B499-01B9628AF7F3}.Debug|Any CPU.Deploy.0 = Debug|x86
		{8F78EA84-D8D1-4F31-B499-01B9628AF7F3}.Debug|ARM.ActiveCfg = Debug|ARM
		{8F78EA84-D8D1-4F31-B499-01B9628AF7F3}.Debug|ARM.Build.0 = Debug|ARM
		{8F78EA84-D8D1-4F31-B499-01B9628AF7F3}.Debug|ARM.Deploy.0 = Debug|ARM
		{8F78EA84-D8D1-4F31-B499-01B9628AF7F3}.Debug|iPhone.ActiveCfg = Debug|x86
		{8F78EA84-D8D1-4F31-B499-01B9628AF7F3}.Debug|iPhone.Build.0 = Debug|x86
		{8F78EA84-D8D1-4F31-B499-01B9628AF7F3}.Debug|iPhone.Deploy.0 = Debug|x86
		{8F78EA84-D8D1-4F31-B499-01B9628AF7F3}.Debug|iPhoneSimulator.ActiveCfg = Debug|x86
		{8F78EA84-D8D1-4F31-B499-01B9628AF7F3}.Debug|iPhoneSimulator.Build.0 = Debug|x86
		{8F78EA84-D8D1-4F31-B499-01B9628AF7F3}.Debug|iPhoneSimulator.Deploy.0 = Debug|x86
		{8F78EA84-D8D1-4F31-B499-01B9628AF7F3}.Debug|x64.ActiveCfg = Debug|x64
		{8F78EA84-D8D1-4F31-B499-01B9628AF7F3}.Debug|x64.Build.0 = Debug|x64
		{8F78EA84-D8D1-4F31-B499-01B9628AF7F3}.Debug|x64.Deploy.0 = Debug|x64
		{8F78EA84-D8D1-4F31-B499-01B9628AF7F3}.Debug|x86.ActiveCfg = Debug|x86
		{8F78EA84-D8D1-4F31-B499-01B9628AF7F3}.Debug|x86.Build.0 = Debug|x86
		{8F78EA84-D8D1-4F31-B499-01B9628AF7F3}.Debug|x86.Deploy.0 = Debug|x86
		{8F78EA84-D8D1-4F31-B499-01B9628AF7F3}.Release|Any CPU.ActiveCfg = Release|x86
		{8F78EA84-D8D1-4F31-B499-01B9628AF7F3}.Release|Any CPU.Build.0 = Release|x86
		{8F78EA84-D8D1-4F31-B499-01B9628AF7F3}.Release|Any CPU.Deploy.0 = Release|x86
		{8F78EA84-D8D1-4F31-B499-01B9628AF7F3}.Release|ARM.ActiveCfg = Release|ARM
		{8F78EA84-D8D1-4F31-B499-01B9628AF7F3}.Release|ARM.Build.0 = Release|ARM
		{8F78EA84-D8D1-4F31-B499-01B9628AF7F3}.Release|ARM.Deploy.0 = Release|ARM
		{8F78EA84-D8D1-4F31-B499-01B9628AF7F3}.Release|iPhone.ActiveCfg = Release|x86
		{8F78EA84-D8D1-4F31-B499-01B9628AF7F3}.Release|iPhone.Build.0 = Release|x86
		{8F78EA84-D8D1-4F31-B499-01B9628AF7F3}.Release|iPhone.Deploy.0 = Release|x86
		{8F78EA84-D8D1-4F31-B499-01B9628AF7F3}.Release|iPhoneSimulator.ActiveCfg = Release|x86
		{8F78EA84-D8D1-4F31-B499-01B9628AF7F3}.Release|iPhoneSimulator.Build.0 = Release|x86
		{8F78EA84-D8D1-4F31-B499-01B9628AF7F3}.Release|iPhoneSimulator.Deploy.0 = Release|x86
		{8F78EA84-D8D1-4F31-B499-01B9628AF7F3}.Release|x64.ActiveCfg = Release|x64
		{8F78EA84-D8D1-4F31-B499-01B9628AF7F3}.Release|x64.Build.0 = Release|x64
		{8F78EA84-D8D1-4F31-B499-01B9628AF7F3}.Release|x64.Deploy.0 = Release|x64
		{8F78EA84-D8D1-4F31-B499-01B9628AF7F3}.Release|x86.ActiveCfg = Release|x86
		{8F78EA84-D8D1-4F31-B499-01B9628AF7F3}.Release|x86.Build.0 = Release|x86
		{8F78EA84-D8D1-4F31-B499-01B9628AF7F3}.Release|x86.Deploy.0 = Release|x86
	EndGlobalSection
	GlobalSection(SolutionProperties) = preSolution
		HideSolutionNode = FALSE
	EndGlobalSection
	GlobalSection(ExtensibilityGlobals) = postSolution
		SolutionGuid = {EDB3876A-F7AC-4C8B-AC8D-816C1DA03791}
	EndGlobalSection
EndGlobal
