
Microsoft Visual Studio Solution File, Format Version 12.00
# Visual Studio 15
VisualStudioVersion = 15.0.28010.2046
MinimumVisualStudioVersion = 10.0.40219.1
Project("{FAE04EC0-301F-11D3-BF4B-00C04F79EFBC}") = "DemoLogin.Android", "DemoLogin\DemoLogin.Android\DemoLogin.Android.csproj", "{96D70F87-A507-4E63-9291-20ECA28BCCB8}"
EndProject
Project("{FAE04EC0-301F-11D3-BF4B-00C04F79EFBC}") = "DemoLogin.iOS", "DemoLogin\DemoLogin.iOS\DemoLogin.iOS.csproj", "{C25327E1-5DE5-478E-A02C-E7627248DF37}"
EndProject
Project("{FAE04EC0-301F-11D3-BF4B-00C04F79EFBC}") = "DemoLogin.UWP", "DemoLogin\DemoLogin.UWP\DemoLogin.UWP.csproj", "{49AA2671-C21A-426A-8DD5-9A5AB334C04B}"
EndProject
Project("{D954291E-2A0B-460D-934E-DC6B0785DB48}") = "DemoLogin", "DemoLogin\DemoLogin\DemoLogin.shproj", "{1502009B-4D39-443A-B2CE-DF7A08B3642D}"
EndProject
Global
	GlobalSection(SharedMSBuildProjectFiles) = preSolution
		DemoLogin\DemoLogin\DemoLogin.projitems*{1502009b-4d39-443a-b2ce-df7a08b3642d}*SharedItemsImports = 13
		DemoLogin\DemoLogin\DemoLogin.projitems*{49aa2671-c21a-426a-8dd5-9a5ab334c04b}*SharedItemsImports = 4
		DemoLogin\DemoLogin\DemoLogin.projitems*{96d70f87-a507-4e63-9291-20eca28bccb8}*SharedItemsImports = 4
		DemoLogin\DemoLogin\DemoLogin.projitems*{c25327e1-5de5-478e-a02c-e7627248df37}*SharedItemsImports = 4
	EndGlobalSection
	GlobalSection(SolutionConfigurationPlatforms) = preSolution
		Ad-Hoc|Any CPU = Ad-Hoc|Any CPU
		Ad-Hoc|ARM = Ad-Hoc|ARM
		Ad-Hoc|iPhone = Ad-Hoc|iPhone
		Ad-Hoc|iPhoneSimulator = Ad-Hoc|iPhoneSimulator
		Ad-Hoc|x64 = Ad-Hoc|x64
		Ad-Hoc|x86 = Ad-Hoc|x86
		AppStore|Any CPU = AppStore|Any CPU
		AppStore|ARM = AppStore|ARM
		AppStore|iPhone = AppStore|iPhone
		AppStore|iPhoneSimulator = AppStore|iPhoneSimulator
		AppStore|x64 = AppStore|x64
		AppStore|x86 = AppStore|x86
		Debug|Any CPU = Debug|Any CPU
		Debug|ARM = Debug|ARM
		Debug|iPhone = Debug|iPhone
		Debug|iPhoneSimulator = Debug|iPhoneSimulator
		Debug|x64 = Debug|x64
		Debug|x86 = Debug|x86
		Release|Any CPU = Release|Any CPU
		Release|ARM = Release|ARM
		Release|iPhone = Release|iPhone
		Release|iPhoneSimulator = Release|iPhoneSimulator
		Release|x64 = Release|x64
		Release|x86 = Release|x86
	EndGlobalSection
	GlobalSection(ProjectConfigurationPlatforms) = postSolution
		{96D70F87-A507-4E63-9291-20ECA28BCCB8}.Ad-Hoc|Any CPU.ActiveCfg = Release|Any CPU
		{96D70F87-A507-4E63-9291-20ECA28BCCB8}.Ad-Hoc|Any CPU.Build.0 = Release|Any CPU
		{96D70F87-A507-4E63-9291-20ECA28BCCB8}.Ad-Hoc|Any CPU.Deploy.0 = Release|Any CPU
		{96D70F87-A507-4E63-9291-20ECA28BCCB8}.Ad-Hoc|ARM.ActiveCfg = Release|Any CPU
		{96D70F87-A507-4E63-9291-20ECA28BCCB8}.Ad-Hoc|ARM.Build.0 = Release|Any CPU
		{96D70F87-A507-4E63-9291-20ECA28BCCB8}.Ad-Hoc|ARM.Deploy.0 = Release|Any CPU
		{96D70F87-A507-4E63-9291-20ECA28BCCB8}.Ad-Hoc|iPhone.ActiveCfg = Release|Any CPU
		{96D70F87-A507-4E63-9291-20ECA28BCCB8}.Ad-Hoc|iPhone.Build.0 = Release|Any CPU
		{96D70F87-A507-4E63-9291-20ECA28BCCB8}.Ad-Hoc|iPhone.Deploy.0 = Release|Any CPU
		{96D70F87-A507-4E63-9291-20ECA28BCCB8}.Ad-Hoc|iPhoneSimulator.ActiveCfg = Release|Any CPU
		{96D70F87-A507-4E63-9291-20ECA28BCCB8}.Ad-Hoc|iPhoneSimulator.Build.0 = Release|Any CPU
		{96D70F87-A507-4E63-9291-20ECA28BCCB8}.Ad-Hoc|iPhoneSimulator.Deploy.0 = Release|Any CPU
		{96D70F87-A507-4E63-9291-20ECA28BCCB8}.Ad-Hoc|x64.ActiveCfg = Release|Any CPU
		{96D70F87-A507-4E63-9291-20ECA28BCCB8}.Ad-Hoc|x64.Build.0 = Release|Any CPU
		{96D70F87-A507-4E63-9291-20ECA28BCCB8}.Ad-Hoc|x64.Deploy.0 = Release|Any CPU
		{96D70F87-A507-4E63-9291-20ECA28BCCB8}.Ad-Hoc|x86.ActiveCfg = Release|Any CPU
		{96D70F87-A507-4E63-9291-20ECA28BCCB8}.Ad-Hoc|x86.Build.0 = Release|Any CPU
		{96D70F87-A507-4E63-9291-20ECA28BCCB8}.Ad-Hoc|x86.Deploy.0 = Release|Any CPU
		{96D70F87-A507-4E63-9291-20ECA28BCCB8}.AppStore|Any CPU.ActiveCfg = Release|Any CPU
		{96D70F87-A507-4E63-9291-20ECA28BCCB8}.AppStore|Any CPU.Build.0 = Release|Any CPU
		{96D70F87-A507-4E63-9291-20ECA28BCCB8}.AppStore|Any CPU.Deploy.0 = Release|Any CPU
		{96D70F87-A507-4E63-9291-20ECA28BCCB8}.AppStore|ARM.ActiveCfg = Release|Any CPU
		{96D70F87-A507-4E63-9291-20ECA28BCCB8}.AppStore|ARM.Build.0 = Release|Any CPU
		{96D70F87-A507-4E63-9291-20ECA28BCCB8}.AppStore|ARM.Deploy.0 = Release|Any CPU
		{96D70F87-A507-4E63-9291-20ECA28BCCB8}.AppStore|iPhone.ActiveCfg = Release|Any CPU
		{96D70F87-A507-4E63-9291-20ECA28BCCB8}.AppStore|iPhone.Build.0 = Release|Any CPU
		{96D70F87-A507-4E63-9291-20ECA28BCCB8}.AppStore|iPhone.Deploy.0 = Release|Any CPU
		{96D70F87-A507-4E63-9291-20ECA28BCCB8}.AppStore|iPhoneSimulator.ActiveCfg = Release|Any CPU
		{96D70F87-A507-4E63-9291-20ECA28BCCB8}.AppStore|iPhoneSimulator.Build.0 = Release|Any CPU
		{96D70F87-A507-4E63-9291-20ECA28BCCB8}.AppStore|iPhoneSimulator.Deploy.0 = Release|Any CPU
		{96D70F87-A507-4E63-9291-20ECA28BCCB8}.AppStore|x64.ActiveCfg = Release|Any CPU
		{96D70F87-A507-4E63-9291-20ECA28BCCB8}.AppStore|x64.Build.0 = Release|Any CPU
		{96D70F87-A507-4E63-9291-20ECA28BCCB8}.AppStore|x64.Deploy.0 = Release|Any CPU
		{96D70F87-A507-4E63-9291-20ECA28BCCB8}.AppStore|x86.ActiveCfg = Release|Any CPU
		{96D70F87-A507-4E63-9291-20ECA28BCCB8}.AppStore|x86.Build.0 = Release|Any CPU
		{96D70F87-A507-4E63-9291-20ECA28BCCB8}.AppStore|x86.Deploy.0 = Release|Any CPU
		{96D70F87-A507-4E63-9291-20ECA28BCCB8}.Debug|Any CPU.ActiveCfg = Debug|Any CPU
		{96D70F87-A507-4E63-9291-20ECA28BCCB8}.Debug|Any CPU.Build.0 = Debug|Any CPU
		{96D70F87-A507-4E63-9291-20ECA28BCCB8}.Debug|Any CPU.Deploy.0 = Debug|Any CPU
		{96D70F87-A507-4E63-9291-20ECA28BCCB8}.Debug|ARM.ActiveCfg = Debug|Any CPU
		{96D70F87-A507-4E63-9291-20ECA28BCCB8}.Debug|ARM.Build.0 = Debug|Any CPU
		{96D70F87-A507-4E63-9291-20ECA28BCCB8}.Debug|ARM.Deploy.0 = Debug|Any CPU
		{96D70F87-A507-4E63-9291-20ECA28BCCB8}.Debug|iPhone.ActiveCfg = Debug|Any CPU
		{96D70F87-A507-4E63-9291-20ECA28BCCB8}.Debug|iPhone.Build.0 = Debug|Any CPU
		{96D70F87-A507-4E63-9291-20ECA28BCCB8}.Debug|iPhone.Deploy.0 = Debug|Any CPU
		{96D70F87-A507-4E63-9291-20ECA28BCCB8}.Debug|iPhoneSimulator.ActiveCfg = Debug|Any CPU
		{96D70F87-A507-4E63-9291-20ECA28BCCB8}.Debug|iPhoneSimulator.Build.0 = Debug|Any CPU
		{96D70F87-A507-4E63-9291-20ECA28BCCB8}.Debug|iPhoneSimulator.Deploy.0 = Debug|Any CPU
		{96D70F87-A507-4E63-9291-20ECA28BCCB8}.Debug|x64.ActiveCfg = Debug|Any CPU
		{96D70F87-A507-4E63-9291-20ECA28BCCB8}.Debug|x64.Build.0 = Debug|Any CPU
		{96D70F87-A507-4E63-9291-20ECA28BCCB8}.Debug|x64.Deploy.0 = Debug|Any CPU
		{96D70F87-A507-4E63-9291-20ECA28BCCB8}.Debug|x86.ActiveCfg = Debug|Any CPU
		{96D70F87-A507-4E63-9291-20ECA28BCCB8}.Debug|x86.Build.0 = Debug|Any CPU
		{96D70F87-A507-4E63-9291-20ECA28BCCB8}.Debug|x86.Deploy.0 = Debug|Any CPU
		{96D70F87-A507-4E63-9291-20ECA28BCCB8}.Release|Any CPU.ActiveCfg = Release|Any CPU
		{96D70F87-A507-4E63-9291-20ECA28BCCB8}.Release|Any CPU.Build.0 = Release|Any CPU
		{96D70F87-A507-4E63-9291-20ECA28BCCB8}.Release|Any CPU.Deploy.0 = Release|Any CPU
		{96D70F87-A507-4E63-9291-20ECA28BCCB8}.Release|ARM.ActiveCfg = Release|Any CPU
		{96D70F87-A507-4E63-9291-20ECA28BCCB8}.Release|ARM.Build.0 = Release|Any CPU
		{96D70F87-A507-4E63-9291-20ECA28BCCB8}.Release|ARM.Deploy.0 = Release|Any CPU
		{96D70F87-A507-4E63-9291-20ECA28BCCB8}.Release|iPhone.ActiveCfg = Release|Any CPU
		{96D70F87-A507-4E63-9291-20ECA28BCCB8}.Release|iPhone.Build.0 = Release|Any CPU
		{96D70F87-A507-4E63-9291-20ECA28BCCB8}.Release|iPhone.Deploy.0 = Release|Any CPU
		{96D70F87-A507-4E63-9291-20ECA28BCCB8}.Release|iPhoneSimulator.ActiveCfg = Release|Any CPU
		{96D70F87-A507-4E63-9291-20ECA28BCCB8}.Release|iPhoneSimulator.Build.0 = Release|Any CPU
		{96D70F87-A507-4E63-9291-20ECA28BCCB8}.Release|iPhoneSimulator.Deploy.0 = Release|Any CPU
		{96D70F87-A507-4E63-9291-20ECA28BCCB8}.Release|x64.ActiveCfg = Release|Any CPU
		{96D70F87-A507-4E63-9291-20ECA28BCCB8}.Release|x64.Build.0 = Release|Any CPU
		{96D70F87-A507-4E63-9291-20ECA28BCCB8}.Release|x64.Deploy.0 = Release|Any CPU
		{96D70F87-A507-4E63-9291-20ECA28BCCB8}.Release|x86.ActiveCfg = Release|Any CPU
		{96D70F87-A507-4E63-9291-20ECA28BCCB8}.Release|x86.Build.0 = Release|Any CPU
		{96D70F87-A507-4E63-9291-20ECA28BCCB8}.Release|x86.Deploy.0 = Release|Any CPU
		{C25327E1-5DE5-478E-A02C-E7627248DF37}.Ad-Hoc|Any CPU.ActiveCfg = Ad-Hoc|iPhone
		{C25327E1-5DE5-478E-A02C-E7627248DF37}.Ad-Hoc|Any CPU.Build.0 = Ad-Hoc|iPhone
		{C25327E1-5DE5-478E-A02C-E7627248DF37}.Ad-Hoc|Any CPU.Deploy.0 = Ad-Hoc|iPhone
		{C25327E1-5DE5-478E-A02C-E7627248DF37}.Ad-Hoc|ARM.ActiveCfg = Ad-Hoc|iPhone
		{C25327E1-5DE5-478E-A02C-E7627248DF37}.Ad-Hoc|ARM.Build.0 = Ad-Hoc|iPhone
		{C25327E1-5DE5-478E-A02C-E7627248DF37}.Ad-Hoc|ARM.Deploy.0 = Ad-Hoc|iPhone
		{C25327E1-5DE5-478E-A02C-E7627248DF37}.Ad-Hoc|iPhone.ActiveCfg = Ad-Hoc|iPhone
		{C25327E1-5DE5-478E-A02C-E7627248DF37}.Ad-Hoc|iPhone.Build.0 = Ad-Hoc|iPhone
		{C25327E1-5DE5-478E-A02C-E7627248DF37}.Ad-Hoc|iPhone.Deploy.0 = Ad-Hoc|iPhone
		{C25327E1-5DE5-478E-A02C-E7627248DF37}.Ad-Hoc|iPhoneSimulator.ActiveCfg = Ad-Hoc|iPhoneSimulator
		{C25327E1-5DE5-478E-A02C-E7627248DF37}.Ad-Hoc|iPhoneSimulator.Build.0 = Ad-Hoc|iPhoneSimulator
		{C25327E1-5DE5-478E-A02C-E7627248DF37}.Ad-Hoc|iPhoneSimulator.Deploy.0 = Ad-Hoc|iPhoneSimulator
		{C25327E1-5DE5-478E-A02C-E7627248DF37}.Ad-Hoc|x64.ActiveCfg = Ad-Hoc|iPhone
		{C25327E1-5DE5-478E-A02C-E7627248DF37}.Ad-Hoc|x64.Build.0 = Ad-Hoc|iPhone
		{C25327E1-5DE5-478E-A02C-E7627248DF37}.Ad-Hoc|x64.Deploy.0 = Ad-Hoc|iPhone
		{C25327E1-5DE5-478E-A02C-E7627248DF37}.Ad-Hoc|x86.ActiveCfg = Ad-Hoc|iPhone
		{C25327E1-5DE5-478E-A02C-E7627248DF37}.Ad-Hoc|x86.Build.0 = Ad-Hoc|iPhone
		{C25327E1-5DE5-478E-A02C-E7627248DF37}.Ad-Hoc|x86.Deploy.0 = Ad-Hoc|iPhone
		{C25327E1-5DE5-478E-A02C-E7627248DF37}.AppStore|Any CPU.ActiveCfg = AppStore|iPhone
		{C25327E1-5DE5-478E-A02C-E7627248DF37}.AppStore|Any CPU.Build.0 = AppStore|iPhone
		{C25327E1-5DE5-478E-A02C-E7627248DF37}.AppStore|Any CPU.Deploy.0 = AppStore|iPhone
		{C25327E1-5DE5-478E-A02C-E7627248DF37}.AppStore|ARM.ActiveCfg = AppStore|iPhone
		{C25327E1-5DE5-478E-A02C-E7627248DF37}.AppStore|ARM.Build.0 = AppStore|iPhone
		{C25327E1-5DE5-478E-A02C-E7627248DF37}.AppStore|ARM.Deploy.0 = AppStore|iPhone
		{C25327E1-5DE5-478E-A02C-E7627248DF37}.AppStore|iPhone.ActiveCfg = AppStore|iPhone
		{C25327E1-5DE5-478E-A02C-E7627248DF37}.AppStore|iPhone.Build.0 = AppStore|iPhone
		{C25327E1-5DE5-478E-A02C-E7627248DF37}.AppStore|iPhone.Deploy.0 = AppStore|iPhone
		{C25327E1-5DE5-478E-A02C-E7627248DF37}.AppStore|iPhoneSimulator.ActiveCfg = AppStore|iPhoneSimulator
		{C25327E1-5DE5-478E-A02C-E7627248DF37}.AppStore|iPhoneSimulator.Build.0 = AppStore|iPhoneSimulator
		{C25327E1-5DE5-478E-A02C-E7627248DF37}.AppStore|iPhoneSimulator.Deploy.0 = AppStore|iPhoneSimulator
		{C25327E1-5DE5-478E-A02C-E7627248DF37}.AppStore|x64.ActiveCfg = AppStore|iPhone
		{C25327E1-5DE5-478E-A02C-E7627248DF37}.AppStore|x64.Build.0 = AppStore|iPhone
		{C25327E1-5DE5-478E-A02C-E7627248DF37}.AppStore|x64.Deploy.0 = AppStore|iPhone
		{C25327E1-5DE5-478E-A02C-E7627248DF37}.AppStore|x86.ActiveCfg = AppStore|iPhone
		{C25327E1-5DE5-478E-A02C-E7627248DF37}.AppStore|x86.Build.0 = AppStore|iPhone
		{C25327E1-5DE5-478E-A02C-E7627248DF37}.AppStore|x86.Deploy.0 = AppStore|iPhone
		{C25327E1-5DE5-478E-A02C-E7627248DF37}.Debug|Any CPU.ActiveCfg = Debug|iPhoneSimulator
		{C25327E1-5DE5-478E-A02C-E7627248DF37}.Debug|Any CPU.Build.0 = Debug|iPhoneSimulator
		{C25327E1-5DE5-478E-A02C-E7627248DF37}.Debug|Any CPU.Deploy.0 = Debug|iPhoneSimulator
		{C25327E1-5DE5-478E-A02C-E7627248DF37}.Debug|ARM.ActiveCfg = Debug|iPhone
		{C25327E1-5DE5-478E-A02C-E7627248DF37}.Debug|ARM.Build.0 = Debug|iPhone
		{C25327E1-5DE5-478E-A02C-E7627248DF37}.Debug|ARM.Deploy.0 = Debug|iPhone
		{C25327E1-5DE5-478E-A02C-E7627248DF37}.Debug|iPhone.ActiveCfg = Debug|iPhone
		{C25327E1-5DE5-478E-A02C-E7627248DF37}.Debug|iPhone.Build.0 = Debug|iPhone
		{C25327E1-5DE5-478E-A02C-E7627248DF37}.Debug|iPhone.Deploy.0 = Debug|iPhone
		{C25327E1-5DE5-478E-A02C-E7627248DF37}.Debug|iPhoneSimulator.ActiveCfg = Debug|iPhoneSimulator
		{C25327E1-5DE5-478E-A02C-E7627248DF37}.Debug|iPhoneSimulator.Build.0 = Debug|iPhoneSimulator
		{C25327E1-5DE5-478E-A02C-E7627248DF37}.Debug|iPhoneSimulator.Deploy.0 = Debug|iPhoneSimulator
		{C25327E1-5DE5-478E-A02C-E7627248DF37}.Debug|x64.ActiveCfg = Debug|iPhone
		{C25327E1-5DE5-478E-A02C-E7627248DF37}.Debug|x64.Build.0 = Debug|iPhone
		{C25327E1-5DE5-478E-A02C-E7627248DF37}.Debug|x64.Deploy.0 = Debug|iPhone
		{C25327E1-5DE5-478E-A02C-E7627248DF37}.Debug|x86.ActiveCfg = Debug|iPhone
		{C25327E1-5DE5-478E-A02C-E7627248DF37}.Debug|x86.Build.0 = Debug|iPhone
		{C25327E1-5DE5-478E-A02C-E7627248DF37}.Debug|x86.Deploy.0 = Debug|iPhone
		{C25327E1-5DE5-478E-A02C-E7627248DF37}.Release|Any CPU.ActiveCfg = Release|iPhone
		{C25327E1-5DE5-478E-A02C-E7627248DF37}.Release|Any CPU.Build.0 = Release|iPhone
		{C25327E1-5DE5-478E-A02C-E7627248DF37}.Release|Any CPU.Deploy.0 = Release|iPhone
		{C25327E1-5DE5-478E-A02C-E7627248DF37}.Release|ARM.ActiveCfg = Release|iPhone
		{C25327E1-5DE5-478E-A02C-E7627248DF37}.Release|ARM.Build.0 = Release|iPhone
		{C25327E1-5DE5-478E-A02C-E7627248DF37}.Release|ARM.Deploy.0 = Release|iPhone
		{C25327E1-5DE5-478E-A02C-E7627248DF37}.Release|iPhone.ActiveCfg = Release|iPhone
		{C25327E1-5DE5-478E-A02C-E7627248DF37}.Release|iPhone.Build.0 = Release|iPhone
		{C25327E1-5DE5-478E-A02C-E7627248DF37}.Release|iPhone.Deploy.0 = Release|iPhone
		{C25327E1-5DE5-478E-A02C-E7627248DF37}.Release|iPhoneSimulator.ActiveCfg = Release|iPhoneSimulator
		{C25327E1-5DE5-478E-A02C-E7627248DF37}.Release|iPhoneSimulator.Build.0 = Release|iPhoneSimulator
		{C25327E1-5DE5-478E-A02C-E7627248DF37}.Release|iPhoneSimulator.Deploy.0 = Release|iPhoneSimulator
		{C25327E1-5DE5-478E-A02C-E7627248DF37}.Release|x64.ActiveCfg = Release|iPhone
		{C25327E1-5DE5-478E-A02C-E7627248DF37}.Release|x64.Build.0 = Release|iPhone
		{C25327E1-5DE5-478E-A02C-E7627248DF37}.Release|x64.Deploy.0 = Release|iPhone
		{C25327E1-5DE5-478E-A02C-E7627248DF37}.Release|x86.ActiveCfg = Release|iPhone
		{C25327E1-5DE5-478E-A02C-E7627248DF37}.Release|x86.Build.0 = Release|iPhone
		{C25327E1-5DE5-478E-A02C-E7627248DF37}.Release|x86.Deploy.0 = Release|iPhone
		{49AA2671-C21A-426A-8DD5-9A5AB334C04B}.Ad-Hoc|Any CPU.ActiveCfg = Release|x86
		{49AA2671-C21A-426A-8DD5-9A5AB334C04B}.Ad-Hoc|Any CPU.Build.0 = Release|x86
		{49AA2671-C21A-426A-8DD5-9A5AB334C04B}.Ad-Hoc|Any CPU.Deploy.0 = Release|x86
		{49AA2671-C21A-426A-8DD5-9A5AB334C04B}.Ad-Hoc|ARM.ActiveCfg = Release|ARM
		{49AA2671-C21A-426A-8DD5-9A5AB334C04B}.Ad-Hoc|ARM.Build.0 = Release|ARM
		{49AA2671-C21A-426A-8DD5-9A5AB334C04B}.Ad-Hoc|ARM.Deploy.0 = Release|ARM
		{49AA2671-C21A-426A-8DD5-9A5AB334C04B}.Ad-Hoc|iPhone.ActiveCfg = Release|x86
		{49AA2671-C21A-426A-8DD5-9A5AB334C04B}.Ad-Hoc|iPhone.Build.0 = Release|x86
		{49AA2671-C21A-426A-8DD5-9A5AB334C04B}.Ad-Hoc|iPhone.Deploy.0 = Release|x86
		{49AA2671-C21A-426A-8DD5-9A5AB334C04B}.Ad-Hoc|iPhoneSimulator.ActiveCfg = Release|x86
		{49AA2671-C21A-426A-8DD5-9A5AB334C04B}.Ad-Hoc|iPhoneSimulator.Build.0 = Release|x86
		{49AA2671-C21A-426A-8DD5-9A5AB334C04B}.Ad-Hoc|iPhoneSimulator.Deploy.0 = Release|x86
		{49AA2671-C21A-426A-8DD5-9A5AB334C04B}.Ad-Hoc|x64.ActiveCfg = Release|x64
		{49AA2671-C21A-426A-8DD5-9A5AB334C04B}.Ad-Hoc|x64.Build.0 = Release|x64
		{49AA2671-C21A-426A-8DD5-9A5AB334C04B}.Ad-Hoc|x64.Deploy.0 = Release|x64
		{49AA2671-C21A-426A-8DD5-9A5AB334C04B}.Ad-Hoc|x86.ActiveCfg = Release|x86
		{49AA2671-C21A-426A-8DD5-9A5AB334C04B}.Ad-Hoc|x86.Build.0 = Release|x86
		{49AA2671-C21A-426A-8DD5-9A5AB334C04B}.Ad-Hoc|x86.Deploy.0 = Release|x86
		{49AA2671-C21A-426A-8DD5-9A5AB334C04B}.AppStore|Any CPU.ActiveCfg = Release|x86
		{49AA2671-C21A-426A-8DD5-9A5AB334C04B}.AppStore|Any CPU.Build.0 = Release|x86
		{49AA2671-C21A-426A-8DD5-9A5AB334C04B}.AppStore|Any CPU.Deploy.0 = Release|x86
		{49AA2671-C21A-426A-8DD5-9A5AB334C04B}.AppStore|ARM.ActiveCfg = Release|ARM
		{49AA2671-C21A-426A-8DD5-9A5AB334C04B}.AppStore|ARM.Build.0 = Release|ARM
		{49AA2671-C21A-426A-8DD5-9A5AB334C04B}.AppStore|ARM.Deploy.0 = Release|ARM
		{49AA2671-C21A-426A-8DD5-9A5AB334C04B}.AppStore|iPhone.ActiveCfg = Release|x86
		{49AA2671-C21A-426A-8DD5-9A5AB334C04B}.AppStore|iPhone.Build.0 = Release|x86
		{49AA2671-C21A-426A-8DD5-9A5AB334C04B}.AppStore|iPhone.Deploy.0 = Release|x86
		{49AA2671-C21A-426A-8DD5-9A5AB334C04B}.AppStore|iPhoneSimulator.ActiveCfg = Release|x86
		{49AA2671-C21A-426A-8DD5-9A5AB334C04B}.AppStore|iPhoneSimulator.Build.0 = Release|x86
		{49AA2671-C21A-426A-8DD5-9A5AB334C04B}.AppStore|iPhoneSimulator.Deploy.0 = Release|x86
		{49AA2671-C21A-426A-8DD5-9A5AB334C04B}.AppStore|x64.ActiveCfg = Release|x64
		{49AA2671-C21A-426A-8DD5-9A5AB334C04B}.AppStore|x64.Build.0 = Release|x64
		{49AA2671-C21A-426A-8DD5-9A5AB334C04B}.AppStore|x64.Deploy.0 = Release|x64
		{49AA2671-C21A-426A-8DD5-9A5AB334C04B}.AppStore|x86.ActiveCfg = Release|x86
		{49AA2671-C21A-426A-8DD5-9A5AB334C04B}.AppStore|x86.Build.0 = Release|x86
		{49AA2671-C21A-426A-8DD5-9A5AB334C04B}.AppStore|x86.Deploy.0 = Release|x86
		{49AA2671-C21A-426A-8DD5-9A5AB334C04B}.Debug|Any CPU.ActiveCfg = Debug|x86
		{49AA2671-C21A-426A-8DD5-9A5AB334C04B}.Debug|Any CPU.Build.0 = Debug|x86
		{49AA2671-C21A-426A-8DD5-9A5AB334C04B}.Debug|Any CPU.Deploy.0 = Debug|x86
		{49AA2671-C21A-426A-8DD5-9A5AB334C04B}.Debug|ARM.ActiveCfg = Debug|ARM
		{49AA2671-C21A-426A-8DD5-9A5AB334C04B}.Debug|ARM.Build.0 = Debug|ARM
		{49AA2671-C21A-426A-8DD5-9A5AB334C04B}.Debug|ARM.Deploy.0 = Debug|ARM
		{49AA2671-C21A-426A-8DD5-9A5AB334C04B}.Debug|iPhone.ActiveCfg = Debug|x86
		{49AA2671-C21A-426A-8DD5-9A5AB334C04B}.Debug|iPhone.Build.0 = Debug|x86
		{49AA2671-C21A-426A-8DD5-9A5AB334C04B}.Debug|iPhone.Deploy.0 = Debug|x86
		{49AA2671-C21A-426A-8DD5-9A5AB334C04B}.Debug|iPhoneSimulator.ActiveCfg = Debug|x86
		{49AA2671-C21A-426A-8DD5-9A5AB334C04B}.Debug|iPhoneSimulator.Build.0 = Debug|x86
		{49AA2671-C21A-426A-8DD5-9A5AB334C04B}.Debug|iPhoneSimulator.Deploy.0 = Debug|x86
		{49AA2671-C21A-426A-8DD5-9A5AB334C04B}.Debug|x64.ActiveCfg = Debug|x64
		{49AA2671-C21A-426A-8DD5-9A5AB334C04B}.Debug|x64.Build.0 = Debug|x64
		{49AA2671-C21A-426A-8DD5-9A5AB334C04B}.Debug|x64.Deploy.0 = Debug|x64
		{49AA2671-C21A-426A-8DD5-9A5AB334C04B}.Debug|x86.ActiveCfg = Debug|x86
		{49AA2671-C21A-426A-8DD5-9A5AB334C04B}.Debug|x86.Build.0 = Debug|x86
		{49AA2671-C21A-426A-8DD5-9A5AB334C04B}.Debug|x86.Deploy.0 = Debug|x86
		{49AA2671-C21A-426A-8DD5-9A5AB334C04B}.Release|Any CPU.ActiveCfg = Release|x86
		{49AA2671-C21A-426A-8DD5-9A5AB334C04B}.Release|Any CPU.Build.0 = Release|x86
		{49AA2671-C21A-426A-8DD5-9A5AB334C04B}.Release|Any CPU.Deploy.0 = Release|x86
		{49AA2671-C21A-426A-8DD5-9A5AB334C04B}.Release|ARM.ActiveCfg = Release|ARM
		{49AA2671-C21A-426A-8DD5-9A5AB334C04B}.Release|ARM.Build.0 = Release|ARM
		{49AA2671-C21A-426A-8DD5-9A5AB334C04B}.Release|ARM.Deploy.0 = Release|ARM
		{49AA2671-C21A-426A-8DD5-9A5AB334C04B}.Release|iPhone.ActiveCfg = Release|x86
		{49AA2671-C21A-426A-8DD5-9A5AB334C04B}.Release|iPhone.Build.0 = Release|x86
		{49AA2671-C21A-426A-8DD5-9A5AB334C04B}.Release|iPhone.Deploy.0 = Release|x86
		{49AA2671-C21A-426A-8DD5-9A5AB334C04B}.Release|iPhoneSimulator.ActiveCfg = Release|x86
		{49AA2671-C21A-426A-8DD5-9A5AB334C04B}.Release|iPhoneSimulator.Build.0 = Release|x86
		{49AA2671-C21A-426A-8DD5-9A5AB334C04B}.Release|iPhoneSimulator.Deploy.0 = Release|x86
		{49AA2671-C21A-426A-8DD5-9A5AB334C04B}.Release|x64.ActiveCfg = Release|x64
		{49AA2671-C21A-426A-8DD5-9A5AB334C04B}.Release|x64.Build.0 = Release|x64
		{49AA2671-C21A-426A-8DD5-9A5AB334C04B}.Release|x64.Deploy.0 = Release|x64
		{49AA2671-C21A-426A-8DD5-9A5AB334C04B}.Release|x86.ActiveCfg = Release|x86
		{49AA2671-C21A-426A-8DD5-9A5AB334C04B}.Release|x86.Build.0 = Release|x86
		{49AA2671-C21A-426A-8DD5-9A5AB334C04B}.Release|x86.Deploy.0 = Release|x86
	EndGlobalSection
	GlobalSection(SolutionProperties) = preSolution
		HideSolutionNode = FALSE
	EndGlobalSection
	GlobalSection(ExtensibilityGlobals) = postSolution
		SolutionGuid = {099C4DDE-1683-485A-A24C-7410DA9D3335}
	EndGlobalSection
EndGlobal
